
Microsoft Visual Studio Solution File, Format Version 12.00
# Visual Studio 2013
VisualStudioVersion = 12.0.31101.0
MinimumVisualStudioVersion = 10.0.40219.1
Project("{FAE04EC0-301F-11D3-BF4B-00C04F79EFBC}") = "ShortestPaathFinder", "ShortestPaathFinder\ShortestPaathFinder.csproj", "{12ADA90B-B4E4-4792-AC10-78FD7E478BEA}"
EndProject
Project("{FAE04EC0-301F-11D3-BF4B-00C04F79EFBC}") = "UnitTestProject1", "UnitTestProject1\UnitTestProject1.csproj", "{C52BA274-4D2A-4227-9263-C81EC3DDCAEF}"
	ProjectSection(ProjectDependencies) = postProject
		{12ADA90B-B4E4-4792-AC10-78FD7E478BEA} = {12ADA90B-B4E4-4792-AC10-78FD7E478BEA}
	EndProjectSection
EndProject
Global
	GlobalSection(SolutionConfigurationPlatforms) = preSolution
		Debug|Any CPU = Debug|Any CPU
		Release|Any CPU = Release|Any CPU
	EndGlobalSection
	GlobalSection(ProjectConfigurationPlatforms) = postSolution
		{12ADA90B-B4E4-4792-AC10-78FD7E478BEA}.Debug|Any CPU.ActiveCfg = Debug|Any CPU
		{12ADA90B-B4E4-4792-AC10-78FD7E478BEA}.Debug|Any CPU.Build.0 = Debug|Any CPU
		{12ADA90B-B4E4-4792-AC10-78FD7E478BEA}.Release|Any CPU.ActiveCfg = Release|Any CPU
		{12ADA90B-B4E4-4792-AC10-78FD7E478BEA}.Release|Any CPU.Build.0 = Release|Any CPU
		{C52BA274-4D2A-4227-9263-C81EC3DDCAEF}.Debug|Any CPU.ActiveCfg = Debug|Any CPU
		{C52BA274-4D2A-4227-9263-C81EC3DDCAEF}.Debug|Any CPU.Build.0 = Debug|Any CPU
		{C52BA274-4D2A-4227-9263-C81EC3DDCAEF}.Release|Any CPU.ActiveCfg = Release|Any CPU
		{C52BA274-4D2A-4227-9263-C81EC3DDCAEF}.Release|Any CPU.Build.0 = Release|Any CPU
	EndGlobalSection
	GlobalSection(SolutionProperties) = preSolution
		HideSolutionNode = FALSE
	EndGlobalSection
EndGlobal
